// !$*UTF8*$!
{
	archiveVersion = 1;
	classes = {
	};
	objectVersion = 48;
	objects = {

/* Begin PBXBuildFile section */
		6B7F47C81F4649C300E4C5BE /* AppDelegate.swift in Sources */ = {isa = PBXBuildFile; fileRef = 6B7F47C71F4649C300E4C5BE /* AppDelegate.swift */; };
		6B7F47CD1F4649C300E4C5BE /* Main.storyboard in Resources */ = {isa = PBXBuildFile; fileRef = 6B7F47CB1F4649C300E4C5BE /* Main.storyboard */; };
		6B7F47CF1F4649C300E4C5BE /* Assets.xcassets in Resources */ = {isa = PBXBuildFile; fileRef = 6B7F47CE1F4649C300E4C5BE /* Assets.xcassets */; };
		6B7F47D21F4649C300E4C5BE /* LaunchScreen.storyboard in Resources */ = {isa = PBXBuildFile; fileRef = 6B7F47D01F4649C300E4C5BE /* LaunchScreen.storyboard */; };
		6BB272A51F47B4FD009FC345 /* YelpData.swift in Sources */ = {isa = PBXBuildFile; fileRef = 6BB272A41F47B4FD009FC345 /* YelpData.swift */; };
		6BB272A71F47B681009FC345 /* Networking.swift in Sources */ = {isa = PBXBuildFile; fileRef = 6BB272A61F47B681009FC345 /* Networking.swift */; };
		6BC5446E1F524C17004C418A /* BrushScriptStd.otf in Resources */ = {isa = PBXBuildFile; fileRef = 6BC5446D1F524B9E004C418A /* BrushScriptStd.otf */; };
		6BC544701F525458004C418A /* Alerts.swift in Sources */ = {isa = PBXBuildFile; fileRef = 6BC5446F1F525458004C418A /* Alerts.swift */; };
		6BCCCF171F4CF05E0009ECCA /* RestaurantSelectedViewController.swift in Sources */ = {isa = PBXBuildFile; fileRef = 6BCCCF161F4CF05E0009ECCA /* RestaurantSelectedViewController.swift */; };
		6BD416EA1F494288007A8FDE /* IntroScreenViewController.swift in Sources */ = {isa = PBXBuildFile; fileRef = 6BD416E91F494288007A8FDE /* IntroScreenViewController.swift */; };
		6BD7151E1F48EEBD004378A0 /* SwipingScreenViewController.swift in Sources */ = {isa = PBXBuildFile; fileRef = 6BD7151D1F48EEBD004378A0 /* SwipingScreenViewController.swift */; };
		6BD715201F48F10B004378A0 /* RoundedButton.swift in Sources */ = {isa = PBXBuildFile; fileRef = 6BD7151F1F48F10B004378A0 /* RoundedButton.swift */; };
		6BDE7F881F4A47520029A78F /* WaitingScreenViewController.swift in Sources */ = {isa = PBXBuildFile; fileRef = 6BDE7F871F4A47520029A78F /* WaitingScreenViewController.swift */; };
		6BDE7F8A1F4AB4BB0029A78F /* UIImageViewX.swift in Sources */ = {isa = PBXBuildFile; fileRef = 6BDE7F891F4AB4BB0029A78F /* UIImageViewX.swift */; };
		6BE83B991F49101D00718E5B /* UIViewX.swift in Sources */ = {isa = PBXBuildFile; fileRef = 6BE83B981F49101D00718E5B /* UIViewX.swift */; };
		C21BCEE248191F28F1CE4143 /* Pods_FoodTinder.framework in Frameworks */ = {isa = PBXBuildFile; fileRef = AED7FA83BE83FDE167821C46 /* Pods_FoodTinder.framework */; };
/* End PBXBuildFile section */

/* Begin PBXFileReference section */
		1DA741AEA3BF331F9154C03C /* Pods-FoodTinder.debug.xcconfig */ = {isa = PBXFileReference; includeInIndex = 1; lastKnownFileType = text.xcconfig; name = "Pods-FoodTinder.debug.xcconfig"; path = "Pods/Target Support Files/Pods-FoodTinder/Pods-FoodTinder.debug.xcconfig"; sourceTree = "<group>"; };
		6B7F47C41F4649C300E4C5BE /* FoodTinder.app */ = {isa = PBXFileReference; explicitFileType = wrapper.application; includeInIndex = 0; path = FoodTinder.app; sourceTree = BUILT_PRODUCTS_DIR; };
		6B7F47C71F4649C300E4C5BE /* AppDelegate.swift */ = {isa = PBXFileReference; lastKnownFileType = sourcecode.swift; path = AppDelegate.swift; sourceTree = "<group>"; };
		6B7F47CC1F4649C300E4C5BE /* Base */ = {isa = PBXFileReference; lastKnownFileType = file.storyboard; name = Base; path = Base.lproj/Main.storyboard; sourceTree = "<group>"; };
		6B7F47CE1F4649C300E4C5BE /* Assets.xcassets */ = {isa = PBXFileReference; lastKnownFileType = folder.assetcatalog; path = Assets.xcassets; sourceTree = "<group>"; };
		6B7F47D11F4649C300E4C5BE /* Base */ = {isa = PBXFileReference; lastKnownFileType = file.storyboard; name = Base; path = Base.lproj/LaunchScreen.storyboard; sourceTree = "<group>"; };
		6B7F47D31F4649C300E4C5BE /* Info.plist */ = {isa = PBXFileReference; lastKnownFileType = text.plist.xml; path = Info.plist; sourceTree = "<group>"; };
		6BB272A41F47B4FD009FC345 /* YelpData.swift */ = {isa = PBXFileReference; lastKnownFileType = sourcecode.swift; path = YelpData.swift; sourceTree = "<group>"; };
		6BB272A61F47B681009FC345 /* Networking.swift */ = {isa = PBXFileReference; lastKnownFileType = sourcecode.swift; path = Networking.swift; sourceTree = "<group>"; };
		6BC5446D1F524B9E004C418A /* BrushScriptStd.otf */ = {isa = PBXFileReference; lastKnownFileType = file; path = BrushScriptStd.otf; sourceTree = "<group>"; };
		6BC5446F1F525458004C418A /* Alerts.swift */ = {isa = PBXFileReference; lastKnownFileType = sourcecode.swift; path = Alerts.swift; sourceTree = "<group>"; };
		6BCCCF161F4CF05E0009ECCA /* RestaurantSelectedViewController.swift */ = {isa = PBXFileReference; lastKnownFileType = sourcecode.swift; path = RestaurantSelectedViewController.swift; sourceTree = "<group>"; };
		6BD416E91F494288007A8FDE /* IntroScreenViewController.swift */ = {isa = PBXFileReference; lastKnownFileType = sourcecode.swift; path = IntroScreenViewController.swift; sourceTree = "<group>"; };
		6BD7151D1F48EEBD004378A0 /* SwipingScreenViewController.swift */ = {isa = PBXFileReference; lastKnownFileType = sourcecode.swift; path = SwipingScreenViewController.swift; sourceTree = "<group>"; };
		6BD7151F1F48F10B004378A0 /* RoundedButton.swift */ = {isa = PBXFileReference; lastKnownFileType = sourcecode.swift; path = RoundedButton.swift; sourceTree = "<group>"; };
		6BDE7F871F4A47520029A78F /* WaitingScreenViewController.swift */ = {isa = PBXFileReference; lastKnownFileType = sourcecode.swift; path = WaitingScreenViewController.swift; sourceTree = "<group>"; };
		6BDE7F891F4AB4BB0029A78F /* UIImageViewX.swift */ = {isa = PBXFileReference; lastKnownFileType = sourcecode.swift; path = UIImageViewX.swift; sourceTree = "<group>"; };
		6BE83B981F49101D00718E5B /* UIViewX.swift */ = {isa = PBXFileReference; lastKnownFileType = sourcecode.swift; path = UIViewX.swift; sourceTree = "<group>"; };
		84BE34B607A1D5C0CFA3A840 /* Pods-FoodTinder.release.xcconfig */ = {isa = PBXFileReference; includeInIndex = 1; lastKnownFileType = text.xcconfig; name = "Pods-FoodTinder.release.xcconfig"; path = "Pods/Target Support Files/Pods-FoodTinder/Pods-FoodTinder.release.xcconfig"; sourceTree = "<group>"; };
		AED7FA83BE83FDE167821C46 /* Pods_FoodTinder.framework */ = {isa = PBXFileReference; explicitFileType = wrapper.framework; includeInIndex = 0; path = Pods_FoodTinder.framework; sourceTree = BUILT_PRODUCTS_DIR; };
/* End PBXFileReference section */

/* Begin PBXFrameworksBuildPhase section */
		6B7F47C11F4649C300E4C5BE /* Frameworks */ = {
			isa = PBXFrameworksBuildPhase;
			buildActionMask = 2147483647;
			files = (
				C21BCEE248191F28F1CE4143 /* Pods_FoodTinder.framework in Frameworks */,
			);
			runOnlyForDeploymentPostprocessing = 0;
		};
/* End PBXFrameworksBuildPhase section */

/* Begin PBXGroup section */
		0D80FF8ED32B23703C417748 /* Frameworks */ = {
			isa = PBXGroup;
			children = (
				AED7FA83BE83FDE167821C46 /* Pods_FoodTinder.framework */,
			);
			name = Frameworks;
			sourceTree = "<group>";
		};
		4638B30E713E0807D33EBE65 /* Pods */ = {
			isa = PBXGroup;
			children = (
				1DA741AEA3BF331F9154C03C /* Pods-FoodTinder.debug.xcconfig */,
				84BE34B607A1D5C0CFA3A840 /* Pods-FoodTinder.release.xcconfig */,
			);
			name = Pods;
			sourceTree = "<group>";
		};
		6B7F47BB1F4649C300E4C5BE = {
			isa = PBXGroup;
			children = (
				6B7F47C61F4649C300E4C5BE /* FoodTinder */,
				6B7F47C51F4649C300E4C5BE /* Products */,
				4638B30E713E0807D33EBE65 /* Pods */,
				0D80FF8ED32B23703C417748 /* Frameworks */,
			);
			sourceTree = "<group>";
		};
		6B7F47C51F4649C300E4C5BE /* Products */ = {
			isa = PBXGroup;
			children = (
				6B7F47C41F4649C300E4C5BE /* FoodTinder.app */,
			);
			name = Products;
			sourceTree = "<group>";
		};
		6B7F47C61F4649C300E4C5BE /* FoodTinder */ = {
			isa = PBXGroup;
			children = (
				6B7F47C71F4649C300E4C5BE /* AppDelegate.swift */,
				6BC544721F52574F004C418A /* Data and Model */,
				6BC544711F525721004C418A /* Controller */,
				6BE83B941F490F9100718E5B /* UI */,
				6B7F47D31F4649C300E4C5BE /* Info.plist */,
			);
			path = FoodTinder;
			sourceTree = "<group>";
		};
		6BC544711F525721004C418A /* Controller */ = {
			isa = PBXGroup;
			children = (
				6BD416E91F494288007A8FDE /* IntroScreenViewController.swift */,
				6BDE7F871F4A47520029A78F /* WaitingScreenViewController.swift */,
				6BD7151D1F48EEBD004378A0 /* SwipingScreenViewController.swift */,
				6BCCCF161F4CF05E0009ECCA /* RestaurantSelectedViewController.swift */,
			);
			path = Controller;
			sourceTree = "<group>";
		};
		6BC544721F52574F004C418A /* Data and Model */ = {
			isa = PBXGroup;
			children = (
				6BC5446F1F525458004C418A /* Alerts.swift */,
				6BB272A61F47B681009FC345 /* Networking.swift */,
				6BB272A41F47B4FD009FC345 /* YelpData.swift */,
			);
			path = "Data and Model";
			sourceTree = "<group>";
		};
		6BE83B941F490F9100718E5B /* UI */ = {
			isa = PBXGroup;
			children = (
				6BC5446D1F524B9E004C418A /* BrushScriptStd.otf */,
				6B7F47CB1F4649C300E4C5BE /* Main.storyboard */,
				6B7F47CE1F4649C300E4C5BE /* Assets.xcassets */,
				6BD7151F1F48F10B004378A0 /* RoundedButton.swift */,
				6B7F47D01F4649C300E4C5BE /* LaunchScreen.storyboard */,
				6BDE7F891F4AB4BB0029A78F /* UIImageViewX.swift */,
				6BE83B981F49101D00718E5B /* UIViewX.swift */,
			);
			path = UI;
			sourceTree = "<group>";
		};
/* End PBXGroup section */

/* Begin PBXNativeTarget section */
		6B7F47C31F4649C300E4C5BE /* FoodTinder */ = {
			isa = PBXNativeTarget;
			buildConfigurationList = 6B7F47D61F4649C300E4C5BE /* Build configuration list for PBXNativeTarget "FoodTinder" */;
			buildPhases = (
				9DD02EE7C3DA9A180D4B50FB /* [CP] Check Pods Manifest.lock */,
				6B7F47C01F4649C300E4C5BE /* Sources */,
				6B7F47C11F4649C300E4C5BE /* Frameworks */,
				6B7F47C21F4649C300E4C5BE /* Resources */,
				BA1BEEBADF9EFA81FBC8490F /* [CP] Embed Pods Frameworks */,
				80646FE6F4F75C89FC4C21DD /* [CP] Copy Pods Resources */,
			);
			buildRules = (
			);
			dependencies = (
			);
			name = FoodTinder;
			productName = FoodTinder;
			productReference = 6B7F47C41F4649C300E4C5BE /* FoodTinder.app */;
			productType = "com.apple.product-type.application";
		};
/* End PBXNativeTarget section */

/* Begin PBXProject section */
		6B7F47BC1F4649C300E4C5BE /* Project object */ = {
			isa = PBXProject;
			attributes = {
				LastSwiftUpdateCheck = 0900;
				LastUpgradeCheck = 0900;
				ORGANIZATIONNAME = "Christian Flanders";
				TargetAttributes = {
					6B7F47C31F4649C300E4C5BE = {
						CreatedOnToolsVersion = 9.0;
					};
				};
			};
			buildConfigurationList = 6B7F47BF1F4649C300E4C5BE /* Build configuration list for PBXProject "FoodTinder" */;
			compatibilityVersion = "Xcode 8.0";
			developmentRegion = en;
			hasScannedForEncodings = 0;
			knownRegions = (
				en,
				Base,
			);
			mainGroup = 6B7F47BB1F4649C300E4C5BE;
			productRefGroup = 6B7F47C51F4649C300E4C5BE /* Products */;
			projectDirPath = "";
			projectRoot = "";
			targets = (
				6B7F47C31F4649C300E4C5BE /* FoodTinder */,
			);
		};
/* End PBXProject section */

/* Begin PBXResourcesBuildPhase section */
		6B7F47C21F4649C300E4C5BE /* Resources */ = {
			isa = PBXResourcesBuildPhase;
			buildActionMask = 2147483647;
			files = (
				6BC5446E1F524C17004C418A /* BrushScriptStd.otf in Resources */,
				6B7F47D21F4649C300E4C5BE /* LaunchScreen.storyboard in Resources */,
				6B7F47CF1F4649C300E4C5BE /* Assets.xcassets in Resources */,
				6B7F47CD1F4649C300E4C5BE /* Main.storyboard in Resources */,
			);
			runOnlyForDeploymentPostprocessing = 0;
		};
/* End PBXResourcesBuildPhase section */

/* Begin PBXShellScriptBuildPhase section */
		80646FE6F4F75C89FC4C21DD /* [CP] Copy Pods Resources */ = {
			isa = PBXShellScriptBuildPhase;
			buildActionMask = 2147483647;
			files = (
			);
			inputPaths = (
			);
			name = "[CP] Copy Pods Resources";
			outputPaths = (
			);
			runOnlyForDeploymentPostprocessing = 0;
			shellPath = /bin/sh;
			shellScript = "\"${SRCROOT}/Pods/Target Support Files/Pods-FoodTinder/Pods-FoodTinder-resources.sh\"\n";
			showEnvVarsInLog = 0;
		};
		9DD02EE7C3DA9A180D4B50FB /* [CP] Check Pods Manifest.lock */ = {
			isa = PBXShellScriptBuildPhase;
			buildActionMask = 2147483647;
			files = (
			);
			inputPaths = (
				"${PODS_PODFILE_DIR_PATH}/Podfile.lock",
				"${PODS_ROOT}/Manifest.lock",
			);
			name = "[CP] Check Pods Manifest.lock";
			outputPaths = (
				"$(DERIVED_FILE_DIR)/Pods-FoodTinder-checkManifestLockResult.txt",
			);
			runOnlyForDeploymentPostprocessing = 0;
			shellPath = /bin/sh;
			shellScript = "diff \"${PODS_PODFILE_DIR_PATH}/Podfile.lock\" \"${PODS_ROOT}/Manifest.lock\" > /dev/null\nif [ $? != 0 ] ; then\n    # print error to STDERR\n    echo \"error: The sandbox is not in sync with the Podfile.lock. Run 'pod install' or update your CocoaPods installation.\" >&2\n    exit 1\nfi\n# This output is used by Xcode 'outputs' to avoid re-running this script phase.\necho \"SUCCESS\" > \"${SCRIPT_OUTPUT_FILE_0}\"\n";
			showEnvVarsInLog = 0;
		};
		BA1BEEBADF9EFA81FBC8490F /* [CP] Embed Pods Frameworks */ = {
			isa = PBXShellScriptBuildPhase;
			buildActionMask = 2147483647;
			files = (
			);
			inputPaths = (
				"${SRCROOT}/Pods/Target Support Files/Pods-FoodTinder/Pods-FoodTinder-frameworks.sh",
				"${BUILT_PRODUCTS_DIR}/NVActivityIndicatorView/NVActivityIndicatorView.framework",
			);
			name = "[CP] Embed Pods Frameworks";
			outputPaths = (
				"${TARGET_BUILD_DIR}/${FRAMEWORKS_FOLDER_PATH}/NVActivityIndicatorView.framework",
			);
			runOnlyForDeploymentPostprocessing = 0;
			shellPath = /bin/sh;
			shellScript = "\"${SRCROOT}/Pods/Target Support Files/Pods-FoodTinder/Pods-FoodTinder-frameworks.sh\"\n";
			showEnvVarsInLog = 0;
		};
/* End PBXShellScriptBuildPhase section */

/* Begin PBXSourcesBuildPhase section */
		6B7F47C01F4649C300E4C5BE /* Sources */ = {
			isa = PBXSourcesBuildPhase;
			buildActionMask = 2147483647;
			files = (
				6BD715201F48F10B004378A0 /* RoundedButton.swift in Sources */,
				6BD7151E1F48EEBD004378A0 /* SwipingScreenViewController.swift in Sources */,
				6BDE7F881F4A47520029A78F /* WaitingScreenViewController.swift in Sources */,
				6BB272A51F47B4FD009FC345 /* YelpData.swift in Sources */,
				6BCCCF171F4CF05E0009ECCA /* RestaurantSelectedViewController.swift in Sources */,
				6B7F47C81F4649C300E4C5BE /* AppDelegate.swift in Sources */,
				6BD416EA1F494288007A8FDE /* IntroScreenViewController.swift in Sources */,
				6BDE7F8A1F4AB4BB0029A78F /* UIImageViewX.swift in Sources */,
				6BB272A71F47B681009FC345 /* Networking.swift in Sources */,
				6BC544701F525458004C418A /* Alerts.swift in Sources */,
				6BE83B991F49101D00718E5B /* UIViewX.swift in Sources */,
			);
			runOnlyForDeploymentPostprocessing = 0;
		};
/* End PBXSourcesBuildPhase section */

/* Begin PBXVariantGroup section */
		6B7F47CB1F4649C300E4C5BE /* Main.storyboard */ = {
			isa = PBXVariantGroup;
			children = (
				6B7F47CC1F4649C300E4C5BE /* Base */,
			);
			name = Main.storyboard;
			sourceTree = "<group>";
		};
		6B7F47D01F4649C300E4C5BE /* LaunchScreen.storyboard */ = {
			isa = PBXVariantGroup;
			children = (
				6B7F47D11F4649C300E4C5BE /* Base */,
			);
			name = LaunchScreen.storyboard;
			sourceTree = "<group>";
		};
/* End PBXVariantGroup section */

/* Begin XCBuildConfiguration section */
		6B7F47D41F4649C300E4C5BE /* Debug */ = {
			isa = XCBuildConfiguration;
			buildSettings = {
				ALWAYS_SEARCH_USER_PATHS = NO;
				CLANG_ANALYZER_NONNULL = YES;
				CLANG_ANALYZER_NUMBER_OBJECT_CONVERSION = YES_AGGRESSIVE;
				CLANG_CXX_LANGUAGE_STANDARD = "gnu++14";
				CLANG_CXX_LIBRARY = "libc++";
				CLANG_ENABLE_MODULES = YES;
				CLANG_ENABLE_OBJC_ARC = YES;
				CLANG_WARN_BLOCK_CAPTURE_AUTORELEASING = YES;
				CLANG_WARN_BOOL_CONVERSION = YES;
				CLANG_WARN_COMMA = YES;
				CLANG_WARN_CONSTANT_CONVERSION = YES;
				CLANG_WARN_DIRECT_OBJC_ISA_USAGE = YES_ERROR;
				CLANG_WARN_DOCUMENTATION_COMMENTS = YES;
				CLANG_WARN_EMPTY_BODY = YES;
				CLANG_WARN_ENUM_CONVERSION = YES;
				CLANG_WARN_INFINITE_RECURSION = YES;
				CLANG_WARN_INT_CONVERSION = YES;
				CLANG_WARN_NON_LITERAL_NULL_CONVERSION = YES;
				CLANG_WARN_OBJC_LITERAL_CONVERSION = YES;
				CLANG_WARN_OBJC_ROOT_CLASS = YES_ERROR;
				CLANG_WARN_RANGE_LOOP_ANALYSIS = YES;
				CLANG_WARN_STRICT_PROTOTYPES = YES;
				CLANG_WARN_SUSPICIOUS_MOVE = YES;
				CLANG_WARN_UNGUARDED_AVAILABILITY = YES_AGGRESSIVE;
				CLANG_WARN_UNREACHABLE_CODE = YES;
				CLANG_WARN__DUPLICATE_METHOD_MATCH = YES;
				CODE_SIGN_IDENTITY = "iPhone Developer";
				COPY_PHASE_STRIP = NO;
				DEBUG_INFORMATION_FORMAT = dwarf;
				ENABLE_STRICT_OBJC_MSGSEND = YES;
				ENABLE_TESTABILITY = YES;
				GCC_C_LANGUAGE_STANDARD = gnu11;
				GCC_DYNAMIC_NO_PIC = NO;
				GCC_NO_COMMON_BLOCKS = YES;
				GCC_OPTIMIZATION_LEVEL = 0;
				GCC_PREPROCESSOR_DEFINITIONS = (
					"DEBUG=1",
					"$(inherited)",
				);
				GCC_WARN_64_TO_32_BIT_CONVERSION = YES;
				GCC_WARN_ABOUT_RETURN_TYPE = YES_ERROR;
				GCC_WARN_UNDECLARED_SELECTOR = YES;
				GCC_WARN_UNINITIALIZED_AUTOS = YES_AGGRESSIVE;
				GCC_WARN_UNUSED_FUNCTION = YES;
				GCC_WARN_UNUSED_VARIABLE = YES;
				IPHONEOS_DEPLOYMENT_TARGET = 11.0;
				MTL_ENABLE_DEBUG_INFO = YES;
				ONLY_ACTIVE_ARCH = YES;
				SDKROOT = iphoneos;
				SWIFT_ACTIVE_COMPILATION_CONDITIONS = DEBUG;
				SWIFT_OPTIMIZATION_LEVEL = "-Onone";
			};
			name = Debug;
		};
		6B7F47D51F4649C300E4C5BE /* Release */ = {
			isa = XCBuildConfiguration;
			buildSettings = {
				ALWAYS_SEARCH_USER_PATHS = NO;
				CLANG_ANALYZER_NONNULL = YES;
				CLANG_ANALYZER_NUMBER_OBJECT_CONVERSION = YES_AGGRESSIVE;
				CLANG_CXX_LANGUAGE_STANDARD = "gnu++14";
				CLANG_CXX_LIBRARY = "libc++";
				CLANG_ENABLE_MODULES = YES;
				CLANG_ENABLE_OBJC_ARC = YES;
				CLANG_WARN_BLOCK_CAPTURE_AUTORELEASING = YES;
				CLANG_WARN_BOOL_CONVERSION = YES;
				CLANG_WARN_COMMA = YES;
				CLANG_WARN_CONSTANT_CONVERSION = YES;
				CLANG_WARN_DIRECT_OBJC_ISA_USAGE = YES_ERROR;
				CLANG_WARN_DOCUMENTATION_COMMENTS = YES;
				CLANG_WARN_EMPTY_BODY = YES;
				CLANG_WARN_ENUM_CONVERSION = YES;
				CLANG_WARN_INFINITE_RECURSION = YES;
				CLANG_WARN_INT_CONVERSION = YES;
				CLANG_WARN_NON_LITERAL_NULL_CONVERSION = YES;
				CLANG_WARN_OBJC_LITERAL_CONVERSION = YES;
				CLANG_WARN_OBJC_ROOT_CLASS = YES_ERROR;
				CLANG_WARN_RANGE_LOOP_ANALYSIS = YES;
				CLANG_WARN_STRICT_PROTOTYPES = YES;
				CLANG_WARN_SUSPICIOUS_MOVE = YES;
				CLANG_WARN_UNGUARDED_AVAILABILITY = YES_AGGRESSIVE;
				CLANG_WARN_UNREACHABLE_CODE = YES;
				CLANG_WARN__DUPLICATE_METHOD_MATCH = YES;
				CODE_SIGN_IDENTITY = "iPhone Developer";
				COPY_PHASE_STRIP = NO;
				DEBUG_INFORMATION_FORMAT = "dwarf-with-dsym";
				ENABLE_NS_ASSERTIONS = NO;
				ENABLE_STRICT_OBJC_MSGSEND = YES;
				GCC_C_LANGUAGE_STANDARD = gnu11;
				GCC_NO_COMMON_BLOCKS = YES;
				GCC_WARN_64_TO_32_BIT_CONVERSION = YES;
				GCC_WARN_ABOUT_RETURN_TYPE = YES_ERROR;
				GCC_WARN_UNDECLARED_SELECTOR = YES;
				GCC_WARN_UNINITIALIZED_AUTOS = YES_AGGRESSIVE;
				GCC_WARN_UNUSED_FUNCTION = YES;
				GCC_WARN_UNUSED_VARIABLE = YES;
				IPHONEOS_DEPLOYMENT_TARGET = 11.0;
				MTL_ENABLE_DEBUG_INFO = NO;
				SDKROOT = iphoneos;
				SWIFT_OPTIMIZATION_LEVEL = "-Owholemodule";
				VALIDATE_PRODUCT = YES;
			};
			name = Release;
		};
		6B7F47D71F4649C300E4C5BE /* Debug */ = {
			isa = XCBuildConfiguration;
			baseConfigurationReference = 1DA741AEA3BF331F9154C03C /* Pods-FoodTinder.debug.xcconfig */;
			buildSettings = {
				ASSETCATALOG_COMPILER_APPICON_NAME = AppIcon;
				DEVELOPMENT_TEAM = 8K7R4W5UEW;
				INFOPLIST_FILE = FoodTinder/Info.plist;
				IPHONEOS_DEPLOYMENT_TARGET = 11.0;
				LD_RUNPATH_SEARCH_PATHS = "$(inherited) @executable_path/Frameworks";
				PRODUCT_BUNDLE_IDENTIFIER = com.christianflanders.FoodTinder;
				PRODUCT_NAME = "$(TARGET_NAME)";
				SWIFT_VERSION = 4.0;
				TARGETED_DEVICE_FAMILY = 1;
			};
			name = Debug;
		};
		6B7F47D81F4649C300E4C5BE /* Release */ = {
			isa = XCBuildConfiguration;
			baseConfigurationReference = 84BE34B607A1D5C0CFA3A840 /* Pods-FoodTinder.release.xcconfig */;
			buildSettings = {
				ASSETCATALOG_COMPILER_APPICON_NAME = AppIcon;
				DEVELOPMENT_TEAM = 8K7R4W5UEW;
				INFOPLIST_FILE = FoodTinder/Info.plist;
				IPHONEOS_DEPLOYMENT_TARGET = 11.0;
				LD_RUNPATH_SEARCH_PATHS = "$(inherited) @executable_path/Frameworks";
				PRODUCT_BUNDLE_IDENTIFIER = com.christianflanders.FoodTinder;
				PRODUCT_NAME = "$(TARGET_NAME)";
				SWIFT_VERSION = 4.0;
				TARGETED_DEVICE_FAMILY = 1;
			};
			name = Release;
		};
/* End XCBuildConfiguration section */

/* Begin XCConfigurationList section */
		6B7F47BF1F4649C300E4C5BE /* Build configuration list for PBXProject "FoodTinder" */ = {
			isa = XCConfigurationList;
			buildConfigurations = (
				6B7F47D41F4649C300E4C5BE /* Debug */,
				6B7F47D51F4649C300E4C5BE /* Release */,
			);
			defaultConfigurationIsVisible = 0;
			defaultConfigurationName = Release;
		};
		6B7F47D61F4649C300E4C5BE /* Build configuration list for PBXNativeTarget "FoodTinder" */ = {
			isa = XCConfigurationList;
			buildConfigurations = (
				6B7F47D71F4649C300E4C5BE /* Debug */,
				6B7F47D81F4649C300E4C5BE /* Release */,
			);
			defaultConfigurationIsVisible = 0;
			defaultConfigurationName = Release;
		};
/* End XCConfigurationList section */
	};
	rootObject = 6B7F47BC1F4649C300E4C5BE /* Project object */;
}
